
Microsoft Visual Studio Solution File, Format Version 12.00
# Visual Studio Version 17
VisualStudioVersion = 17.7.34031.279
MinimumVisualStudioVersion = 10.0.40219.1
Project("{9A19103F-16F7-4668-BE54-9A1E7A4F7556}") = "Converter", "ConsoleApp1\Converter.csproj", "{07C38BE5-32E1-4DED-B763-F99A36BA7DB6}"
EndProject
Global
	GlobalSection(SolutionConfigurationPlatforms) = preSolution
		Debug|Any CPU = Debug|Any CPU
		Release|Any CPU = Release|Any CPU
	EndGlobalSection
	GlobalSection(ProjectConfigurationPlatforms) = postSolution
		{07C38BE5-32E1-4DED-B763-F99A36BA7DB6}.Debug|Any CPU.ActiveCfg = Debug|Any CPU
		{07C38BE5-32E1-4DED-B763-F99A36BA7DB6}.Debug|Any CPU.Build.0 = Debug|Any CPU
		{07C38BE5-32E1-4DED-B763-F99A36BA7DB6}.Release|Any CPU.ActiveCfg = Release|Any CPU
		{07C38BE5-32E1-4DED-B763-F99A36BA7DB6}.Release|Any CPU.Build.0 = Release|Any CPU
	EndGlobalSection
	GlobalSection(SolutionProperties) = preSolution
		HideSolutionNode = FALSE
	EndGlobalSection
	GlobalSection(ExtensibilityGlobals) = postSolution
		SolutionGuid = {8D435E2D-BD3D-47B7-9358-C8C68DE989F1}
	EndGlobalSection
EndGlobal
